
Microsoft Visual Studio Solution File, Format Version 12.00
# Visual Studio 15
VisualStudioVersion = 15.0.26124.0
MinimumVisualStudioVersion = 15.0.26124.0
Project("{2150E333-8FDC-42A3-9474-1A3956D46DE8}") = "src", "src", "{44AE52DA-6E5D-4232-949F-3C96B7E2D098}"
EndProject
Project("{F2A71F9B-5D33-465A-A702-920D77279786}") = "FsFhtw", "src\FsFhtw\FsFhtw.fsproj", "{896C0BD8-E9FA-43B9-B0E9-968A85369894}"
EndProject
Project("{2150E333-8FDC-42A3-9474-1A3956D46DE8}") = "test", "test", "{306C0A62-7085-478D-BDF7-9CF066767FC7}"
EndProject
Project("{F2A71F9B-5D33-465A-A702-920D77279786}") = "FsFhtw.Tests", "test\FsFhtw.Tests\FsFhtw.Tests.fsproj", "{BEB2F054-404B-43B8-BCEA-186809BBB175}"
EndProject
Global
	GlobalSection(SolutionConfigurationPlatforms) = preSolution
		Debug|Any CPU = Debug|Any CPU
		Debug|x64 = Debug|x64
		Debug|x86 = Debug|x86
		Release|Any CPU = Release|Any CPU
		Release|x64 = Release|x64
		Release|x86 = Release|x86
	EndGlobalSection
	GlobalSection(SolutionProperties) = preSolution
		HideSolutionNode = FALSE
	EndGlobalSection
	GlobalSection(ProjectConfigurationPlatforms) = postSolution
		{896C0BD8-E9FA-43B9-B0E9-968A85369894}.Debug|Any CPU.ActiveCfg = Debug|Any CPU
		{896C0BD8-E9FA-43B9-B0E9-968A85369894}.Debug|Any CPU.Build.0 = Debug|Any CPU
		{896C0BD8-E9FA-43B9-B0E9-968A85369894}.Debug|x64.ActiveCfg = Debug|Any CPU
		{896C0BD8-E9FA-43B9-B0E9-968A85369894}.Debug|x64.Build.0 = Debug|Any CPU
		{896C0BD8-E9FA-43B9-B0E9-968A85369894}.Debug|x86.ActiveCfg = Debug|Any CPU
		{896C0BD8-E9FA-43B9-B0E9-968A85369894}.Debug|x86.Build.0 = Debug|Any CPU
		{896C0BD8-E9FA-43B9-B0E9-968A85369894}.Release|Any CPU.ActiveCfg = Release|Any CPU
		{896C0BD8-E9FA-43B9-B0E9-968A85369894}.Release|Any CPU.Build.0 = Release|Any CPU
		{896C0BD8-E9FA-43B9-B0E9-968A85369894}.Release|x64.ActiveCfg = Release|Any CPU
		{896C0BD8-E9FA-43B9-B0E9-968A85369894}.Release|x64.Build.0 = Release|Any CPU
		{896C0BD8-E9FA-43B9-B0E9-968A85369894}.Release|x86.ActiveCfg = Release|Any CPU
		{896C0BD8-E9FA-43B9-B0E9-968A85369894}.Release|x86.Build.0 = Release|Any CPU
		{BEB2F054-404B-43B8-BCEA-186809BBB175}.Debug|Any CPU.ActiveCfg = Debug|Any CPU
		{BEB2F054-404B-43B8-BCEA-186809BBB175}.Debug|Any CPU.Build.0 = Debug|Any CPU
		{BEB2F054-404B-43B8-BCEA-186809BBB175}.Debug|x64.ActiveCfg = Debug|Any CPU
		{BEB2F054-404B-43B8-BCEA-186809BBB175}.Debug|x64.Build.0 = Debug|Any CPU
		{BEB2F054-404B-43B8-BCEA-186809BBB175}.Debug|x86.ActiveCfg = Debug|Any CPU
		{BEB2F054-404B-43B8-BCEA-186809BBB175}.Debug|x86.Build.0 = Debug|Any CPU
		{BEB2F054-404B-43B8-BCEA-186809BBB175}.Release|Any CPU.ActiveCfg = Release|Any CPU
		{BEB2F054-404B-43B8-BCEA-186809BBB175}.Release|Any CPU.Build.0 = Release|Any CPU
		{BEB2F054-404B-43B8-BCEA-186809BBB175}.Release|x64.ActiveCfg = Release|Any CPU
		{BEB2F054-404B-43B8-BCEA-186809BBB175}.Release|x64.Build.0 = Release|Any CPU
		{BEB2F054-404B-43B8-BCEA-186809BBB175}.Release|x86.ActiveCfg = Release|Any CPU
		{BEB2F054-404B-43B8-BCEA-186809BBB175}.Release|x86.Build.0 = Release|Any CPU
	EndGlobalSection
	GlobalSection(NestedProjects) = preSolution
		{896C0BD8-E9FA-43B9-B0E9-968A85369894} = {44AE52DA-6E5D-4232-949F-3C96B7E2D098}
		{BEB2F054-404B-43B8-BCEA-186809BBB175} = {306C0A62-7085-478D-BDF7-9CF066767FC7}
	EndGlobalSection
EndGlobal
